// !$*UTF8*$!
{
	archiveVersion = 1;
	classes = {
	};
	objectVersion = 77;
	objects = {

/* Begin PBXContainerItemProxy section */
		16BE8C6D2DED50C0006FFD00 /* PBXContainerItemProxy */ = {
			isa = PBXContainerItemProxy;
			containerPortal = 35C171D82DCB34320049724A /* Project object */;
			proxyType = 1;
			remoteGlobalIDString = 35C171DF2DCB34320049724A;
			remoteInfo = B.READ;
		};
		16BE8C822DED5466006FFD00 /* PBXContainerItemProxy */ = {
			isa = PBXContainerItemProxy;
			containerPortal = 35C171D82DCB34320049724A /* Project object */;
			proxyType = 1;
			remoteGlobalIDString = 35C171DF2DCB34320049724A;
			remoteInfo = B.READ;
		};
		16BE8C912DED54CA006FFD00 /* PBXContainerItemProxy */ = {
			isa = PBXContainerItemProxy;
			containerPortal = 35C171D82DCB34320049724A /* Project object */;
			proxyType = 1;
			remoteGlobalIDString = 35C171DF2DCB34320049724A;
			remoteInfo = B.READ;
		};
/* End PBXContainerItemProxy section */

/* Begin PBXCopyFilesBuildPhase section */
		16BE8C5E2DED4F83006FFD00 /* Embed Frameworks */ = {
			isa = PBXCopyFilesBuildPhase;
			buildActionMask = 2147483647;
			dstPath = "";
			dstSubfolderSpec = 10;
			files = (
			);
			name = "Embed Frameworks";
			runOnlyForDeploymentPostprocessing = 0;
		};
/* End PBXCopyFilesBuildPhase section */

/* Begin PBXFileReference section */
		16BE8C692DED50C0006FFD00 /* RepositoryTest.xctest */ = {isa = PBXFileReference; explicitFileType = wrapper.cfbundle; includeInIndex = 0; path = RepositoryTest.xctest; sourceTree = BUILT_PRODUCTS_DIR; };
		16BE8C7E2DED5466006FFD00 /* UsecaseTest.xctest */ = {isa = PBXFileReference; explicitFileType = wrapper.cfbundle; includeInIndex = 0; path = UsecaseTest.xctest; sourceTree = BUILT_PRODUCTS_DIR; };
		16BE8C8D2DED54CA006FFD00 /* ServiceTest.xctest */ = {isa = PBXFileReference; explicitFileType = wrapper.cfbundle; includeInIndex = 0; path = ServiceTest.xctest; sourceTree = BUILT_PRODUCTS_DIR; };
		35C171E02DCB34320049724A /* B.READ.app */ = {isa = PBXFileReference; explicitFileType = wrapper.application; includeInIndex = 0; path = B.READ.app; sourceTree = BUILT_PRODUCTS_DIR; };
/* End PBXFileReference section */

/* Begin PBXFileSystemSynchronizedBuildFileExceptionSet section */
		16BE8C9B2DED55C1006FFD00 /* Exceptions for "B.READ" folder in "RepositoryTest" target */ = {
			isa = PBXFileSystemSynchronizedBuildFileExceptionSet;
			membershipExceptions = (
				Sources/Data/Impls/BookRepositoryImpl.swift,
				Sources/Data/Impls/MemoRepositoryImpl.swift,
				Sources/Data/Impls/QuoteRepositoryImpl.swift,
				Sources/Data/Impls/RecordRepositoryImpl.swift,
				Sources/Data/Impls/UserInfoRepositoryImpl.swift,
				Sources/Domain/Dummy/DummyData.swift,
				Sources/Domain/Dummy/DummyService.swift,
				Sources/Domain/Entity/AlanSummary.swift,
				Sources/Domain/Entity/Book.swift,
				Sources/Domain/Entity/BookServiceEntity.swift,
				Sources/Domain/Entity/Memo.swift,
				Sources/Domain/Entity/Quote.swift,
				Sources/Domain/Entity/Record.swift,
				Sources/Domain/Entity/UserInfo.swift,
				Sources/Domain/Repository/Inerface/BookRepository.swift,
				Sources/Domain/Repository/Inerface/MemoRepository.swift,
				Sources/Domain/Repository/Inerface/QuoteRepository.swift,
				Sources/Domain/Repository/Inerface/RecordRepository.swift,
				Sources/Domain/Repository/Inerface/UserInfoRepository.swift,
			);
			target = 16BE8C682DED50C0006FFD00 /* RepositoryTest */;
		};
		16BE8C9C2DED55C1006FFD00 /* Exceptions for "B.READ" folder in "UsecaseTest" target */ = {
			isa = PBXFileSystemSynchronizedBuildFileExceptionSet;
			membershipExceptions = (
				Sources/Data/Impls/BookRepositoryImpl.swift,
				Sources/Data/Impls/MemoRepositoryImpl.swift,
				Sources/Data/Impls/QuoteRepositoryImpl.swift,
				Sources/Data/Impls/RecordRepositoryImpl.swift,
				Sources/Data/Impls/UserInfoRepositoryImpl.swift,
				Sources/Domain/Dummy/DummyData.swift,
				Sources/Domain/Dummy/DummyService.swift,
				Sources/Domain/Entity/AlanSummary.swift,
				Sources/Domain/Entity/Book.swift,
				Sources/Domain/Entity/BookServiceEntity.swift,
				Sources/Domain/Entity/Memo.swift,
				Sources/Domain/Entity/Quote.swift,
				Sources/Domain/Entity/Record.swift,
				Sources/Domain/Entity/UserInfo.swift,
				Sources/Domain/Repository/Inerface/BookRepository.swift,
				Sources/Domain/Repository/Inerface/MemoRepository.swift,
				Sources/Domain/Repository/Inerface/QuoteRepository.swift,
				Sources/Domain/Repository/Inerface/RecordRepository.swift,
				Sources/Domain/Repository/Inerface/UserInfoRepository.swift,
			);
			target = 16BE8C7D2DED5466006FFD00 /* UsecaseTest */;
		};
		16BE8C9D2DED55C1006FFD00 /* Exceptions for "B.READ" folder in "ServiceTest" target */ = {
			isa = PBXFileSystemSynchronizedBuildFileExceptionSet;
			membershipExceptions = (
				Sources/Data/Impls/BookRepositoryImpl.swift,
				Sources/Data/Impls/MemoRepositoryImpl.swift,
				Sources/Data/Impls/QuoteRepositoryImpl.swift,
				Sources/Data/Impls/RecordRepositoryImpl.swift,
				Sources/Data/Impls/UserInfoRepositoryImpl.swift,
				Sources/Domain/Dummy/DummyData.swift,
				Sources/Domain/Dummy/DummyService.swift,
				Sources/Domain/Entity/AlanSummary.swift,
				Sources/Domain/Entity/Book.swift,
				Sources/Domain/Entity/BookServiceEntity.swift,
				Sources/Domain/Entity/Memo.swift,
				Sources/Domain/Entity/Quote.swift,
				Sources/Domain/Entity/Record.swift,
				Sources/Domain/Entity/UserInfo.swift,
				Sources/Domain/Repository/Inerface/BookRepository.swift,
				Sources/Domain/Repository/Inerface/MemoRepository.swift,
				Sources/Domain/Repository/Inerface/QuoteRepository.swift,
				Sources/Domain/Repository/Inerface/RecordRepository.swift,
				Sources/Domain/Repository/Inerface/UserInfoRepository.swift,
			);
			target = 16BE8C8C2DED54CA006FFD00 /* ServiceTest */;
		};
		35C172082DCB37170049724A /* Exceptions for "B.READ" folder in "B.READ" target */ = {
			isa = PBXFileSystemSynchronizedBuildFileExceptionSet;
			membershipExceptions = (
				"Resources/B-READ-Info.plist",
				Sources/Util/Constants/.gitkeep,
			);
			target = 35C171DF2DCB34320049724A /* B.READ */;
		};
/* End PBXFileSystemSynchronizedBuildFileExceptionSet section */

/* Begin PBXFileSystemSynchronizedRootGroup section */
		16BE8C6A2DED50C0006FFD00 /* RepositoryTest */ = {
			isa = PBXFileSystemSynchronizedRootGroup;
			path = RepositoryTest;
			sourceTree = "<group>";
		};
		16BE8C7F2DED5466006FFD00 /* UsecaseTest */ = {
			isa = PBXFileSystemSynchronizedRootGroup;
			path = UsecaseTest;
			sourceTree = "<group>";
		};
		16BE8C8E2DED54CA006FFD00 /* ServiceTest */ = {
			isa = PBXFileSystemSynchronizedRootGroup;
			path = ServiceTest;
			sourceTree = "<group>";
		};
		35C171E22DCB34320049724A /* B.READ */ = {
			isa = PBXFileSystemSynchronizedRootGroup;
			exceptions = (
				35C172082DCB37170049724A /* Exceptions for "B.READ" folder in "B.READ" target */,
				16BE8C9B2DED55C1006FFD00 /* Exceptions for "B.READ" folder in "RepositoryTest" target */,
				16BE8C9C2DED55C1006FFD00 /* Exceptions for "B.READ" folder in "UsecaseTest" target */,
				16BE8C9D2DED55C1006FFD00 /* Exceptions for "B.READ" folder in "ServiceTest" target */,
			);
			path = B.READ;
			sourceTree = "<group>";
		};
/* End PBXFileSystemSynchronizedRootGroup section */

/* Begin PBXFrameworksBuildPhase section */
		16BE8C662DED50C0006FFD00 /* Frameworks */ = {
			isa = PBXFrameworksBuildPhase;
			buildActionMask = 2147483647;
			files = (
			);
			runOnlyForDeploymentPostprocessing = 0;
		};
		16BE8C7B2DED5466006FFD00 /* Frameworks */ = {
			isa = PBXFrameworksBuildPhase;
			buildActionMask = 2147483647;
			files = (
			);
			runOnlyForDeploymentPostprocessing = 0;
		};
		16BE8C8A2DED54CA006FFD00 /* Frameworks */ = {
			isa = PBXFrameworksBuildPhase;
			buildActionMask = 2147483647;
			files = (
			);
			runOnlyForDeploymentPostprocessing = 0;
		};
		35C171DD2DCB34320049724A /* Frameworks */ = {
			isa = PBXFrameworksBuildPhase;
			buildActionMask = 2147483647;
			files = (
			);
			runOnlyForDeploymentPostprocessing = 0;
		};
/* End PBXFrameworksBuildPhase section */

/* Begin PBXGroup section */
		35C171D72DCB34320049724A = {
			isa = PBXGroup;
			children = (
				35C171E22DCB34320049724A /* B.READ */,
				16BE8C6A2DED50C0006FFD00 /* RepositoryTest */,
				16BE8C7F2DED5466006FFD00 /* UsecaseTest */,
				16BE8C8E2DED54CA006FFD00 /* ServiceTest */,
				35C171E12DCB34320049724A /* Products */,
			);
			indentWidth = 2;
			sourceTree = "<group>";
			tabWidth = 2;
		};
		35C171E12DCB34320049724A /* Products */ = {
			isa = PBXGroup;
			children = (
				35C171E02DCB34320049724A /* B.READ.app */,
				16BE8C692DED50C0006FFD00 /* RepositoryTest.xctest */,
				16BE8C7E2DED5466006FFD00 /* UsecaseTest.xctest */,
				16BE8C8D2DED54CA006FFD00 /* ServiceTest.xctest */,
			);
			name = Products;
			sourceTree = "<group>";
		};
/* End PBXGroup section */

/* Begin PBXNativeTarget section */
		16BE8C682DED50C0006FFD00 /* RepositoryTest */ = {
			isa = PBXNativeTarget;
			buildConfigurationList = 16BE8C6F2DED50C0006FFD00 /* Build configuration list for PBXNativeTarget "RepositoryTest" */;
			buildPhases = (
				16BE8C652DED50C0006FFD00 /* Sources */,
				16BE8C662DED50C0006FFD00 /* Frameworks */,
				16BE8C672DED50C0006FFD00 /* Resources */,
			);
			buildRules = (
			);
			dependencies = (
				16BE8C6E2DED50C0006FFD00 /* PBXTargetDependency */,
			);
			fileSystemSynchronizedGroups = (
				16BE8C6A2DED50C0006FFD00 /* RepositoryTest */,
			);
			name = RepositoryTest;
			packageProductDependencies = (
			);
			productName = RepositoryTest;
			productReference = 16BE8C692DED50C0006FFD00 /* RepositoryTest.xctest */;
			productType = "com.apple.product-type.bundle.unit-test";
		};
		16BE8C7D2DED5466006FFD00 /* UsecaseTest */ = {
			isa = PBXNativeTarget;
			buildConfigurationList = 16BE8C842DED5466006FFD00 /* Build configuration list for PBXNativeTarget "UsecaseTest" */;
			buildPhases = (
				16BE8C7A2DED5466006FFD00 /* Sources */,
				16BE8C7B2DED5466006FFD00 /* Frameworks */,
				16BE8C7C2DED5466006FFD00 /* Resources */,
			);
			buildRules = (
			);
			dependencies = (
				16BE8C832DED5466006FFD00 /* PBXTargetDependency */,
			);
			fileSystemSynchronizedGroups = (
				16BE8C7F2DED5466006FFD00 /* UsecaseTest */,
			);
			name = UsecaseTest;
			packageProductDependencies = (
			);
			productName = UsecaseTest;
			productReference = 16BE8C7E2DED5466006FFD00 /* UsecaseTest.xctest */;
			productType = "com.apple.product-type.bundle.unit-test";
		};
		16BE8C8C2DED54CA006FFD00 /* ServiceTest */ = {
			isa = PBXNativeTarget;
			buildConfigurationList = 16BE8C932DED54CA006FFD00 /* Build configuration list for PBXNativeTarget "ServiceTest" */;
			buildPhases = (
				16BE8C892DED54CA006FFD00 /* Sources */,
				16BE8C8A2DED54CA006FFD00 /* Frameworks */,
				16BE8C8B2DED54CA006FFD00 /* Resources */,
			);
			buildRules = (
			);
			dependencies = (
				16BE8C922DED54CA006FFD00 /* PBXTargetDependency */,
			);
			fileSystemSynchronizedGroups = (
				16BE8C8E2DED54CA006FFD00 /* ServiceTest */,
			);
			name = ServiceTest;
			packageProductDependencies = (
			);
			productName = ServiceTest;
			productReference = 16BE8C8D2DED54CA006FFD00 /* ServiceTest.xctest */;
			productType = "com.apple.product-type.bundle.unit-test";
		};
		35C171DF2DCB34320049724A /* B.READ */ = {
			isa = PBXNativeTarget;
			buildConfigurationList = 35C171EE2DCB34330049724A /* Build configuration list for PBXNativeTarget "B.READ" */;
			buildPhases = (
				35C171DC2DCB34320049724A /* Sources */,
				35C171DD2DCB34320049724A /* Frameworks */,
				35C171DE2DCB34320049724A /* Resources */,
				16BE8C5E2DED4F83006FFD00 /* Embed Frameworks */,
			);
			buildRules = (
			);
			dependencies = (
			);
			fileSystemSynchronizedGroups = (
				35C171E22DCB34320049724A /* B.READ */,
			);
			name = B.READ;
			packageProductDependencies = (
			);
			productName = B.READ;
			productReference = 35C171E02DCB34320049724A /* B.READ.app */;
			productType = "com.apple.product-type.application";
		};
/* End PBXNativeTarget section */

/* Begin PBXProject section */
		35C171D82DCB34320049724A /* Project object */ = {
			isa = PBXProject;
			attributes = {
				BuildIndependentTargetsInParallel = 1;
				LastSwiftUpdateCheck = 1630;
				LastUpgradeCheck = 1600;
				TargetAttributes = {
					16BE8C682DED50C0006FFD00 = {
						CreatedOnToolsVersion = 16.3;
						TestTargetID = 35C171DF2DCB34320049724A;
					};
					16BE8C7D2DED5466006FFD00 = {
						CreatedOnToolsVersion = 16.3;
						TestTargetID = 35C171DF2DCB34320049724A;
					};
					16BE8C8C2DED54CA006FFD00 = {
						CreatedOnToolsVersion = 16.3;
						TestTargetID = 35C171DF2DCB34320049724A;
					};
					35C171DF2DCB34320049724A = {
						CreatedOnToolsVersion = 16.0;
					};
				};
			};
			buildConfigurationList = 35C171DB2DCB34320049724A /* Build configuration list for PBXProject "B.READ" */;
			developmentRegion = en;
			hasScannedForEncodings = 0;
			knownRegions = (
				en,
				Base,
			);
			mainGroup = 35C171D72DCB34320049724A;
			minimizedProjectReferenceProxies = 1;
			preferredProjectObjectVersion = 77;
			productRefGroup = 35C171E12DCB34320049724A /* Products */;
			projectDirPath = "";
			projectRoot = "";
			targets = (
				35C171DF2DCB34320049724A /* B.READ */,
				16BE8C682DED50C0006FFD00 /* RepositoryTest */,
				16BE8C7D2DED5466006FFD00 /* UsecaseTest */,
				16BE8C8C2DED54CA006FFD00 /* ServiceTest */,
			);
		};
/* End PBXProject section */

/* Begin PBXResourcesBuildPhase section */
		16BE8C672DED50C0006FFD00 /* Resources */ = {
			isa = PBXResourcesBuildPhase;
			buildActionMask = 2147483647;
			files = (
			);
			runOnlyForDeploymentPostprocessing = 0;
		};
		16BE8C7C2DED5466006FFD00 /* Resources */ = {
			isa = PBXResourcesBuildPhase;
			buildActionMask = 2147483647;
			files = (
			);
			runOnlyForDeploymentPostprocessing = 0;
		};
		16BE8C8B2DED54CA006FFD00 /* Resources */ = {
			isa = PBXResourcesBuildPhase;
			buildActionMask = 2147483647;
			files = (
			);
			runOnlyForDeploymentPostprocessing = 0;
		};
		35C171DE2DCB34320049724A /* Resources */ = {
			isa = PBXResourcesBuildPhase;
			buildActionMask = 2147483647;
			files = (
			);
			runOnlyForDeploymentPostprocessing = 0;
		};
/* End PBXResourcesBuildPhase section */

/* Begin PBXSourcesBuildPhase section */
		16BE8C652DED50C0006FFD00 /* Sources */ = {
			isa = PBXSourcesBuildPhase;
			buildActionMask = 2147483647;
			files = (
			);
			runOnlyForDeploymentPostprocessing = 0;
		};
		16BE8C7A2DED5466006FFD00 /* Sources */ = {
			isa = PBXSourcesBuildPhase;
			buildActionMask = 2147483647;
			files = (
			);
			runOnlyForDeploymentPostprocessing = 0;
		};
		16BE8C892DED54CA006FFD00 /* Sources */ = {
			isa = PBXSourcesBuildPhase;
			buildActionMask = 2147483647;
			files = (
			);
			runOnlyForDeploymentPostprocessing = 0;
		};
		35C171DC2DCB34320049724A /* Sources */ = {
			isa = PBXSourcesBuildPhase;
			buildActionMask = 2147483647;
			files = (
			);
			runOnlyForDeploymentPostprocessing = 0;
		};
/* End PBXSourcesBuildPhase section */

/* Begin PBXTargetDependency section */
		16BE8C6E2DED50C0006FFD00 /* PBXTargetDependency */ = {
			isa = PBXTargetDependency;
			target = 35C171DF2DCB34320049724A /* B.READ */;
			targetProxy = 16BE8C6D2DED50C0006FFD00 /* PBXContainerItemProxy */;
		};
		16BE8C832DED5466006FFD00 /* PBXTargetDependency */ = {
			isa = PBXTargetDependency;
			target = 35C171DF2DCB34320049724A /* B.READ */;
			targetProxy = 16BE8C822DED5466006FFD00 /* PBXContainerItemProxy */;
		};
		16BE8C922DED54CA006FFD00 /* PBXTargetDependency */ = {
			isa = PBXTargetDependency;
			target = 35C171DF2DCB34320049724A /* B.READ */;
			targetProxy = 16BE8C912DED54CA006FFD00 /* PBXContainerItemProxy */;
		};
/* End PBXTargetDependency section */

/* Begin XCBuildConfiguration section */
		16BE8C702DED50C0006FFD00 /* Debug */ = {
			isa = XCBuildConfiguration;
			buildSettings = {
				BUNDLE_LOADER = "$(TEST_HOST)";
				CODE_SIGN_STYLE = Automatic;
				CURRENT_PROJECT_VERSION = 1;
				DEFINES_MODULE = YES;
				DEVELOPMENT_TEAM = 83K577A944;
				GENERATE_INFOPLIST_FILE = YES;
				IPHONEOS_DEPLOYMENT_TARGET = 17.0;
				MARKETING_VERSION = 1.0;
				PRODUCT_BUNDLE_IDENTIFIER = com.doyeonk429.RepositoryTest;
				PRODUCT_NAME = "$(TARGET_NAME)";
				SWIFT_EMIT_LOC_STRINGS = NO;
				SWIFT_VERSION = 5.0;
				TARGETED_DEVICE_FAMILY = "1,2";
				TEST_HOST = "$(BUILT_PRODUCTS_DIR)/B.READ.app/$(BUNDLE_EXECUTABLE_FOLDER_PATH)/B.READ";
			};
			name = Debug;
		};
		16BE8C712DED50C0006FFD00 /* Release */ = {
			isa = XCBuildConfiguration;
			buildSettings = {
				BUNDLE_LOADER = "$(TEST_HOST)";
				CODE_SIGN_STYLE = Automatic;
				CURRENT_PROJECT_VERSION = 1;
				DEFINES_MODULE = YES;
				DEVELOPMENT_TEAM = 83K577A944;
				GENERATE_INFOPLIST_FILE = YES;
				IPHONEOS_DEPLOYMENT_TARGET = 17.0;
				MARKETING_VERSION = 1.0;
				PRODUCT_BUNDLE_IDENTIFIER = com.doyeonk429.RepositoryTest;
				PRODUCT_NAME = "$(TARGET_NAME)";
				SWIFT_EMIT_LOC_STRINGS = NO;
				SWIFT_VERSION = 5.0;
				TARGETED_DEVICE_FAMILY = "1,2";
				TEST_HOST = "$(BUILT_PRODUCTS_DIR)/B.READ.app/$(BUNDLE_EXECUTABLE_FOLDER_PATH)/B.READ";
			};
			name = Release;
		};
		16BE8C852DED5466006FFD00 /* Debug */ = {
			isa = XCBuildConfiguration;
			buildSettings = {
				BUNDLE_LOADER = "$(TEST_HOST)";
				CODE_SIGN_STYLE = Automatic;
				CURRENT_PROJECT_VERSION = 1;
				DEVELOPMENT_TEAM = 83K577A944;
				GENERATE_INFOPLIST_FILE = YES;
				IPHONEOS_DEPLOYMENT_TARGET = 17.0;
				MARKETING_VERSION = 1.0;
				PRODUCT_BUNDLE_IDENTIFIER = com.doyeonk429.UsecaseTest;
				PRODUCT_NAME = "$(TARGET_NAME)";
				SWIFT_EMIT_LOC_STRINGS = NO;
				SWIFT_VERSION = 5.0;
				TARGETED_DEVICE_FAMILY = "1,2";
				TEST_HOST = "$(BUILT_PRODUCTS_DIR)/B.READ.app/$(BUNDLE_EXECUTABLE_FOLDER_PATH)/B.READ";
			};
			name = Debug;
		};
		16BE8C862DED5466006FFD00 /* Release */ = {
			isa = XCBuildConfiguration;
			buildSettings = {
				BUNDLE_LOADER = "$(TEST_HOST)";
				CODE_SIGN_STYLE = Automatic;
				CURRENT_PROJECT_VERSION = 1;
				DEVELOPMENT_TEAM = 83K577A944;
				GENERATE_INFOPLIST_FILE = YES;
				IPHONEOS_DEPLOYMENT_TARGET = 17.0;
				MARKETING_VERSION = 1.0;
				PRODUCT_BUNDLE_IDENTIFIER = com.doyeonk429.UsecaseTest;
				PRODUCT_NAME = "$(TARGET_NAME)";
				SWIFT_EMIT_LOC_STRINGS = NO;
				SWIFT_VERSION = 5.0;
				TARGETED_DEVICE_FAMILY = "1,2";
				TEST_HOST = "$(BUILT_PRODUCTS_DIR)/B.READ.app/$(BUNDLE_EXECUTABLE_FOLDER_PATH)/B.READ";
			};
			name = Release;
		};
		16BE8C942DED54CA006FFD00 /* Debug */ = {
			isa = XCBuildConfiguration;
			buildSettings = {
				BUNDLE_LOADER = "$(TEST_HOST)";
				CODE_SIGN_STYLE = Automatic;
				CURRENT_PROJECT_VERSION = 1;
				DEVELOPMENT_TEAM = 83K577A944;
				GENERATE_INFOPLIST_FILE = YES;
				IPHONEOS_DEPLOYMENT_TARGET = 17.0;
				MARKETING_VERSION = 1.0;
				PRODUCT_BUNDLE_IDENTIFIER = com.doyeonk429.ServiceTest;
				PRODUCT_NAME = "$(TARGET_NAME)";
				SWIFT_EMIT_LOC_STRINGS = NO;
				SWIFT_VERSION = 5.0;
				TARGETED_DEVICE_FAMILY = "1,2";
				TEST_HOST = "$(BUILT_PRODUCTS_DIR)/B.READ.app/$(BUNDLE_EXECUTABLE_FOLDER_PATH)/B.READ";
			};
			name = Debug;
		};
		16BE8C952DED54CA006FFD00 /* Release */ = {
			isa = XCBuildConfiguration;
			buildSettings = {
				BUNDLE_LOADER = "$(TEST_HOST)";
				CODE_SIGN_STYLE = Automatic;
				CURRENT_PROJECT_VERSION = 1;
				DEVELOPMENT_TEAM = 83K577A944;
				GENERATE_INFOPLIST_FILE = YES;
				IPHONEOS_DEPLOYMENT_TARGET = 17.0;
				MARKETING_VERSION = 1.0;
				PRODUCT_BUNDLE_IDENTIFIER = com.doyeonk429.ServiceTest;
				PRODUCT_NAME = "$(TARGET_NAME)";
				SWIFT_EMIT_LOC_STRINGS = NO;
				SWIFT_VERSION = 5.0;
				TARGETED_DEVICE_FAMILY = "1,2";
				TEST_HOST = "$(BUILT_PRODUCTS_DIR)/B.READ.app/$(BUNDLE_EXECUTABLE_FOLDER_PATH)/B.READ";
			};
			name = Release;
		};
		35C171EC2DCB34330049724A /* Debug */ = {
			isa = XCBuildConfiguration;
			buildSettings = {
				ALWAYS_SEARCH_USER_PATHS = NO;
				ASSETCATALOG_COMPILER_GENERATE_SWIFT_ASSET_SYMBOL_EXTENSIONS = YES;
				CLANG_ANALYZER_NONNULL = YES;
				CLANG_ANALYZER_NUMBER_OBJECT_CONVERSION = YES_AGGRESSIVE;
				CLANG_CXX_LANGUAGE_STANDARD = "gnu++20";
				CLANG_ENABLE_MODULES = YES;
				CLANG_ENABLE_OBJC_ARC = YES;
				CLANG_ENABLE_OBJC_WEAK = YES;
				CLANG_WARN_BLOCK_CAPTURE_AUTORELEASING = YES;
				CLANG_WARN_BOOL_CONVERSION = YES;
				CLANG_WARN_COMMA = YES;
				CLANG_WARN_CONSTANT_CONVERSION = YES;
				CLANG_WARN_DEPRECATED_OBJC_IMPLEMENTATIONS = YES;
				CLANG_WARN_DIRECT_OBJC_ISA_USAGE = YES_ERROR;
				CLANG_WARN_DOCUMENTATION_COMMENTS = YES;
				CLANG_WARN_EMPTY_BODY = YES;
				CLANG_WARN_ENUM_CONVERSION = YES;
				CLANG_WARN_INFINITE_RECURSION = YES;
				CLANG_WARN_INT_CONVERSION = YES;
				CLANG_WARN_NON_LITERAL_NULL_CONVERSION = YES;
				CLANG_WARN_OBJC_IMPLICIT_RETAIN_SELF = YES;
				CLANG_WARN_OBJC_LITERAL_CONVERSION = YES;
				CLANG_WARN_OBJC_ROOT_CLASS = YES_ERROR;
				CLANG_WARN_QUOTED_INCLUDE_IN_FRAMEWORK_HEADER = YES;
				CLANG_WARN_RANGE_LOOP_ANALYSIS = YES;
				CLANG_WARN_STRICT_PROTOTYPES = YES;
				CLANG_WARN_SUSPICIOUS_MOVE = YES;
				CLANG_WARN_UNGUARDED_AVAILABILITY = YES_AGGRESSIVE;
				CLANG_WARN_UNREACHABLE_CODE = YES;
				CLANG_WARN__DUPLICATE_METHOD_MATCH = YES;
				COPY_PHASE_STRIP = NO;
				DEBUG_INFORMATION_FORMAT = dwarf;
				DEFINES_MODULE = YES;
				ENABLE_STRICT_OBJC_MSGSEND = YES;
				ENABLE_TESTABILITY = YES;
				ENABLE_USER_SCRIPT_SANDBOXING = YES;
				GCC_C_LANGUAGE_STANDARD = gnu17;
				GCC_DYNAMIC_NO_PIC = NO;
				GCC_NO_COMMON_BLOCKS = YES;
				GCC_OPTIMIZATION_LEVEL = 0;
				GCC_PREPROCESSOR_DEFINITIONS = (
					"DEBUG=1",
					"$(inherited)",
				);
				GCC_WARN_64_TO_32_BIT_CONVERSION = YES;
				GCC_WARN_ABOUT_RETURN_TYPE = YES_ERROR;
				GCC_WARN_UNDECLARED_SELECTOR = YES;
				GCC_WARN_UNINITIALIZED_AUTOS = YES_AGGRESSIVE;
				GCC_WARN_UNUSED_FUNCTION = YES;
				GCC_WARN_UNUSED_VARIABLE = YES;
				INFOPLIST_FILE = "B.READ/Resources/B-READ-Info.plist";
				IPHONEOS_DEPLOYMENT_TARGET = 18.0;
				LOCALIZATION_PREFERS_STRING_CATALOGS = YES;
				MTL_ENABLE_DEBUG_INFO = INCLUDE_SOURCE;
				MTL_FAST_MATH = YES;
				ONLY_ACTIVE_ARCH = YES;
				SDKROOT = iphoneos;
				SWIFT_ACTIVE_COMPILATION_CONDITIONS = "DEBUG $(inherited)";
				SWIFT_OPTIMIZATION_LEVEL = "-Onone";
			};
			name = Debug;
		};
		35C171ED2DCB34330049724A /* Release */ = {
			isa = XCBuildConfiguration;
			buildSettings = {
				ALWAYS_SEARCH_USER_PATHS = NO;
				ASSETCATALOG_COMPILER_GENERATE_SWIFT_ASSET_SYMBOL_EXTENSIONS = YES;
				CLANG_ANALYZER_NONNULL = YES;
				CLANG_ANALYZER_NUMBER_OBJECT_CONVERSION = YES_AGGRESSIVE;
				CLANG_CXX_LANGUAGE_STANDARD = "gnu++20";
				CLANG_ENABLE_MODULES = YES;
				CLANG_ENABLE_OBJC_ARC = YES;
				CLANG_ENABLE_OBJC_WEAK = YES;
				CLANG_WARN_BLOCK_CAPTURE_AUTORELEASING = YES;
				CLANG_WARN_BOOL_CONVERSION = YES;
				CLANG_WARN_COMMA = YES;
				CLANG_WARN_CONSTANT_CONVERSION = YES;
				CLANG_WARN_DEPRECATED_OBJC_IMPLEMENTATIONS = YES;
				CLANG_WARN_DIRECT_OBJC_ISA_USAGE = YES_ERROR;
				CLANG_WARN_DOCUMENTATION_COMMENTS = YES;
				CLANG_WARN_EMPTY_BODY = YES;
				CLANG_WARN_ENUM_CONVERSION = YES;
				CLANG_WARN_INFINITE_RECURSION = YES;
				CLANG_WARN_INT_CONVERSION = YES;
				CLANG_WARN_NON_LITERAL_NULL_CONVERSION = YES;
				CLANG_WARN_OBJC_IMPLICIT_RETAIN_SELF = YES;
				CLANG_WARN_OBJC_LITERAL_CONVERSION = YES;
				CLANG_WARN_OBJC_ROOT_CLASS = YES_ERROR;
				CLANG_WARN_QUOTED_INCLUDE_IN_FRAMEWORK_HEADER = YES;
				CLANG_WARN_RANGE_LOOP_ANALYSIS = YES;
				CLANG_WARN_STRICT_PROTOTYPES = YES;
				CLANG_WARN_SUSPICIOUS_MOVE = YES;
				CLANG_WARN_UNGUARDED_AVAILABILITY = YES_AGGRESSIVE;
				CLANG_WARN_UNREACHABLE_CODE = YES;
				CLANG_WARN__DUPLICATE_METHOD_MATCH = YES;
				COPY_PHASE_STRIP = NO;
				DEBUG_INFORMATION_FORMAT = "dwarf-with-dsym";
				DEFINES_MODULE = YES;
				ENABLE_NS_ASSERTIONS = NO;
				ENABLE_STRICT_OBJC_MSGSEND = YES;
				ENABLE_USER_SCRIPT_SANDBOXING = YES;
				GCC_C_LANGUAGE_STANDARD = gnu17;
				GCC_NO_COMMON_BLOCKS = YES;
				GCC_WARN_64_TO_32_BIT_CONVERSION = YES;
				GCC_WARN_ABOUT_RETURN_TYPE = YES_ERROR;
				GCC_WARN_UNDECLARED_SELECTOR = YES;
				GCC_WARN_UNINITIALIZED_AUTOS = YES_AGGRESSIVE;
				GCC_WARN_UNUSED_FUNCTION = YES;
				GCC_WARN_UNUSED_VARIABLE = YES;
				INFOPLIST_FILE = "B.READ/Resources/B-READ-Info.plist";
				IPHONEOS_DEPLOYMENT_TARGET = 18.0;
				LOCALIZATION_PREFERS_STRING_CATALOGS = YES;
				MTL_ENABLE_DEBUG_INFO = NO;
				MTL_FAST_MATH = YES;
				SDKROOT = iphoneos;
				SWIFT_COMPILATION_MODE = wholemodule;
				VALIDATE_PRODUCT = YES;
			};
			name = Release;
		};
		35C171EF2DCB34330049724A /* Debug */ = {
			isa = XCBuildConfiguration;
			buildSettings = {
				ASSETCATALOG_COMPILER_APPICON_NAME = AppIcon;
				ASSETCATALOG_COMPILER_GLOBAL_ACCENT_COLOR_NAME = AccentColor;
				CODE_SIGN_STYLE = Automatic;
				CURRENT_PROJECT_VERSION = 1;
				DEVELOPMENT_ASSET_PATHS = "\"B.READ/Resources/Preview Content\"";
				DEVELOPMENT_TEAM = C5K6DF875Z;
				ENABLE_PREVIEWS = YES;
				GENERATE_INFOPLIST_FILE = YES;
				INFOPLIST_FILE = "B.READ/Resources/B-READ-Info.plist";
				INFOPLIST_KEY_UIApplicationSceneManifest_Generation = YES;
				INFOPLIST_KEY_UIApplicationSupportsIndirectInputEvents = YES;
				INFOPLIST_KEY_UILaunchScreen_Generation = YES;
				INFOPLIST_KEY_UISupportedInterfaceOrientations = UIInterfaceOrientationPortrait;
				INFOPLIST_KEY_UISupportedInterfaceOrientations_iPad = "UIInterfaceOrientationLandscapeLeft UIInterfaceOrientationLandscapeRight UIInterfaceOrientationPortrait UIInterfaceOrientationPortraitUpsideDown";
				INFOPLIST_KEY_UIUserInterfaceStyle = Light;
				IPHONEOS_DEPLOYMENT_TARGET = 17.0;
				LD_RUNPATH_SEARCH_PATHS = (
					"$(inherited)",
					"@executable_path/Frameworks",
				);
				MARKETING_VERSION = 1.0;
				PRODUCT_BUNDLE_IDENTIFIER = "shin.B-READ";
				PRODUCT_NAME = "$(TARGET_NAME)";
				SUPPORTED_PLATFORMS = "iphoneos iphonesimulator";
				SUPPORTS_MACCATALYST = NO;
				SUPPORTS_MAC_DESIGNED_FOR_IPHONE_IPAD = NO;
				SUPPORTS_XR_DESIGNED_FOR_IPHONE_IPAD = NO;
				SWIFT_EMIT_LOC_STRINGS = YES;
				SWIFT_VERSION = 5.0;
				TARGETED_DEVICE_FAMILY = 1;
			};
			name = Debug;
		};
		35C171F02DCB34330049724A /* Release */ = {
			isa = XCBuildConfiguration;
			buildSettings = {
				ASSETCATALOG_COMPILER_APPICON_NAME = AppIcon;
				ASSETCATALOG_COMPILER_GLOBAL_ACCENT_COLOR_NAME = AccentColor;
				CODE_SIGN_STYLE = Automatic;
				CURRENT_PROJECT_VERSION = 1;
				DEVELOPMENT_ASSET_PATHS = "\"B.READ/Resources/Preview Content\"";
				DEVELOPMENT_TEAM = C5K6DF875Z;
				ENABLE_PREVIEWS = YES;
				GENERATE_INFOPLIST_FILE = YES;
				INFOPLIST_FILE = "B.READ/Resources/B-READ-Info.plist";
				INFOPLIST_KEY_UIApplicationSceneManifest_Generation = YES;
				INFOPLIST_KEY_UIApplicationSupportsIndirectInputEvents = YES;
				INFOPLIST_KEY_UILaunchScreen_Generation = YES;
				INFOPLIST_KEY_UISupportedInterfaceOrientations = UIInterfaceOrientationPortrait;
				INFOPLIST_KEY_UISupportedInterfaceOrientations_iPad = "UIInterfaceOrientationLandscapeLeft UIInterfaceOrientationLandscapeRight UIInterfaceOrientationPortrait UIInterfaceOrientationPortraitUpsideDown";
				INFOPLIST_KEY_UIUserInterfaceStyle = Light;
				IPHONEOS_DEPLOYMENT_TARGET = 17.0;
				LD_RUNPATH_SEARCH_PATHS = (
					"$(inherited)",
					"@executable_path/Frameworks",
				);
				MARKETING_VERSION = 1.0;
				PRODUCT_BUNDLE_IDENTIFIER = "shin.B-READ";
				PRODUCT_NAME = "$(TARGET_NAME)";
				SUPPORTED_PLATFORMS = "iphoneos iphonesimulator";
				SUPPORTS_MACCATALYST = NO;
				SUPPORTS_MAC_DESIGNED_FOR_IPHONE_IPAD = NO;
				SUPPORTS_XR_DESIGNED_FOR_IPHONE_IPAD = NO;
				SWIFT_EMIT_LOC_STRINGS = YES;
				SWIFT_VERSION = 5.0;
				TARGETED_DEVICE_FAMILY = 1;
			};
			name = Release;
		};
/* End XCBuildConfiguration section */

/* Begin XCConfigurationList section */
		16BE8C6F2DED50C0006FFD00 /* Build configuration list for PBXNativeTarget "RepositoryTest" */ = {
			isa = XCConfigurationList;
			buildConfigurations = (
				16BE8C702DED50C0006FFD00 /* Debug */,
				16BE8C712DED50C0006FFD00 /* Release */,
			);
			defaultConfigurationIsVisible = 0;
			defaultConfigurationName = Release;
		};
		16BE8C842DED5466006FFD00 /* Build configuration list for PBXNativeTarget "UsecaseTest" */ = {
			isa = XCConfigurationList;
			buildConfigurations = (
				16BE8C852DED5466006FFD00 /* Debug */,
				16BE8C862DED5466006FFD00 /* Release */,
			);
			defaultConfigurationIsVisible = 0;
			defaultConfigurationName = Release;
		};
		16BE8C932DED54CA006FFD00 /* Build configuration list for PBXNativeTarget "ServiceTest" */ = {
			isa = XCConfigurationList;
			buildConfigurations = (
				16BE8C942DED54CA006FFD00 /* Debug */,
				16BE8C952DED54CA006FFD00 /* Release */,
			);
			defaultConfigurationIsVisible = 0;
			defaultConfigurationName = Release;
		};
		35C171DB2DCB34320049724A /* Build configuration list for PBXProject "B.READ" */ = {
			isa = XCConfigurationList;
			buildConfigurations = (
				35C171EC2DCB34330049724A /* Debug */,
				35C171ED2DCB34330049724A /* Release */,
			);
			defaultConfigurationIsVisible = 0;
			defaultConfigurationName = Release;
		};
		35C171EE2DCB34330049724A /* Build configuration list for PBXNativeTarget "B.READ" */ = {
			isa = XCConfigurationList;
			buildConfigurations = (
				35C171EF2DCB34330049724A /* Debug */,
				35C171F02DCB34330049724A /* Release */,
			);
			defaultConfigurationIsVisible = 0;
			defaultConfigurationName = Release;
		};
/* End XCConfigurationList section */
	};
	rootObject = 35C171D82DCB34320049724A /* Project object */;
}
